
Microsoft Visual Studio Solution File, Format Version 12.00
# Visual Studio 15
VisualStudioVersion = 15.0.27428.2037
MinimumVisualStudioVersion = 10.0.40219.1
Project("{FAE04EC0-301F-11D3-BF4B-00C04F79EFBC}") = "ChartsDemos", "ChartsDemos\ChartsDemos.csproj", "{32979C49-AE3C-479D-9D80-40C6BC89822B}"
EndProject
Global
	GlobalSection(SolutionConfigurationPlatforms) = preSolution
		Debug|Any CPU = Debug|Any CPU
		Release|Any CPU = Release|Any CPU
	EndGlobalSection
	GlobalSection(ProjectConfigurationPlatforms) = postSolution
		{32979C49-AE3C-479D-9D80-40C6BC89822B}.Debug|Any CPU.ActiveCfg = Debug|Any CPU
		{32979C49-AE3C-479D-9D80-40C6BC89822B}.Debug|Any CPU.Build.0 = Debug|Any CPU
		{32979C49-AE3C-479D-9D80-40C6BC89822B}.Release|Any CPU.ActiveCfg = Release|Any CPU
		{32979C49-AE3C-479D-9D80-40C6BC89822B}.Release|Any CPU.Build.0 = Release|Any CPU
	EndGlobalSection
	GlobalSection(SolutionProperties) = preSolution
		HideSolutionNode = FALSE
	EndGlobalSection
	GlobalSection(ExtensibilityGlobals) = postSolution
		SolutionGuid = {196EF3A2-89F0-44B6-A702-B25AA1D74B76}
	EndGlobalSection
EndGlobal
